{
    "name": "new",
    "version": "1.0.0",
    "lockfileVersion": 3,
    "requires": true,
    "packages": {
        "": {
            "name": "new",
            "version": "1.0.0",
            "license": "ISC",
            "devDependencies": {
                "@zeppos/device-types": "^3.0.0",
                "mzfw": "file:../mzfw/packages/mzfw/mzfw-0.2.0.tgz",
                "zosx": "^0.2.4"
            }
        },
        "node_modules/@zeppos/device-types": {
            "version": "3.0.0",
            "resolved": "https://registry.npmjs.org/@zeppos/device-types/-/device-types-3.0.0.tgz",
            "integrity": "sha512-vFd880TxkAaSO2QmLBFIzS0zUXnwRDXlM4FZTdpOgotKpshokOwSTtzIeysf3TIMFSh/wFdbGkkYrUyRxR9w8Q==",
            "dev": true
        },
        "node_modules/mzfw": {
            "version": "0.2.0",
            "resolved": "file:../mzfw/packages/mzfw/mzfw-0.2.0.tgz",
            "integrity": "sha512-N0PNSbcD+5aapKJ+uPbeDhIRalOs8QtFyCpcK5Bfk7kHi3j19szZGUXXVbT2Hu1zdfq/k/sP5dKo+sBmJkLK9A==",
            "dev": true,
            "dependencies": {
                "zosx": "^0.2.1"
            }
        },
        "node_modules/zosx": {
            "version": "0.2.4",
            "resolved": "https://registry.npmjs.org/zosx/-/zosx-0.2.4.tgz",
            "integrity": "sha512-t00q/NfhnlshagH+fgTb461/oflUkT//hs4A/Jrkn+7f3uIjm25zgcdxjgdEUHSwxnc9WxVfbK9M1q2Og1UB2Q==",
            "dev": true
        }
    }
}
